
Microsoft Visual Studio Solution File, Format Version 12.00
# Visual Studio Version 17
VisualStudioVersion = 17.1.32210.238
MinimumVisualStudioVersion = 10.0.40219.1
Project("{FAE04EC0-301F-11D3-BF4B-00C04F79EFBC}") = "PGrafica", "PGrafica\PGrafica.csproj", "{5662DD17-04F1-460F-A7CA-DF5584414E74}"
EndProject
Global
	GlobalSection(SolutionConfigurationPlatforms) = preSolution
		Debug|Any CPU = Debug|Any CPU
		Release|Any CPU = Release|Any CPU
	EndGlobalSection
	GlobalSection(ProjectConfigurationPlatforms) = postSolution
		{5662DD17-04F1-460F-A7CA-DF5584414E74}.Debug|Any CPU.ActiveCfg = Debug|Any CPU
		{5662DD17-04F1-460F-A7CA-DF5584414E74}.Debug|Any CPU.Build.0 = Debug|Any CPU
		{5662DD17-04F1-460F-A7CA-DF5584414E74}.Release|Any CPU.ActiveCfg = Release|Any CPU
		{5662DD17-04F1-460F-A7CA-DF5584414E74}.Release|Any CPU.Build.0 = Release|Any CPU
	EndGlobalSection
	GlobalSection(SolutionProperties) = preSolution
		HideSolutionNode = FALSE
	EndGlobalSection
	GlobalSection(ExtensibilityGlobals) = postSolution
		SolutionGuid = {E06AC9EC-166F-4B5B-9339-B5968C7C150B}
	EndGlobalSection
EndGlobal
